// !$*UTF8*$!
{
	archiveVersion = 1;
	classes = {
	};
	objectVersion = 46;
	objects = {

/* Begin PBXBuildFile section */
		9F5680A21EDCF48200E1F2B4 /* AppDelegate.swift in Sources */ = {isa = PBXBuildFile; fileRef = 9F5680A11EDCF48200E1F2B4 /* AppDelegate.swift */; };
		9F5680A41EDCF48200E1F2B4 /* ViewController.swift in Sources */ = {isa = PBXBuildFile; fileRef = 9F5680A31EDCF48200E1F2B4 /* ViewController.swift */; };
		9F5680A71EDCF48200E1F2B4 /* Main.storyboard in Resources */ = {isa = PBXBuildFile; fileRef = 9F5680A51EDCF48200E1F2B4 /* Main.storyboard */; };
		9F5680AA1EDCF48200E1F2B4 /* IroIro.xcdatamodeld in Sources */ = {isa = PBXBuildFile; fileRef = 9F5680A81EDCF48200E1F2B4 /* IroIro.xcdatamodeld */; };
		9F5680AC1EDCF48200E1F2B4 /* Assets.xcassets in Resources */ = {isa = PBXBuildFile; fileRef = 9F5680AB1EDCF48200E1F2B4 /* Assets.xcassets */; };
		9F5680AF1EDCF48200E1F2B4 /* LaunchScreen.storyboard in Resources */ = {isa = PBXBuildFile; fileRef = 9F5680AD1EDCF48200E1F2B4 /* LaunchScreen.storyboard */; };
/* End PBXBuildFile section */

/* Begin PBXFileReference section */
		9F56809E1EDCF48200E1F2B4 /* IroIro.app */ = {isa = PBXFileReference; explicitFileType = wrapper.application; includeInIndex = 0; path = IroIro.app; sourceTree = BUILT_PRODUCTS_DIR; };
		9F5680A11EDCF48200E1F2B4 /* AppDelegate.swift */ = {isa = PBXFileReference; lastKnownFileType = sourcecode.swift; path = AppDelegate.swift; sourceTree = "<group>"; };
		9F5680A31EDCF48200E1F2B4 /* ViewController.swift */ = {isa = PBXFileReference; lastKnownFileType = sourcecode.swift; path = ViewController.swift; sourceTree = "<group>"; };
		9F5680A61EDCF48200E1F2B4 /* Base */ = {isa = PBXFileReference; lastKnownFileType = file.storyboard; name = Base; path = Base.lproj/Main.storyboard; sourceTree = "<group>"; };
		9F5680A91EDCF48200E1F2B4 /* IroIro.xcdatamodel */ = {isa = PBXFileReference; lastKnownFileType = wrapper.xcdatamodel; path = IroIro.xcdatamodel; sourceTree = "<group>"; };
		9F5680AB1EDCF48200E1F2B4 /* Assets.xcassets */ = {isa = PBXFileReference; lastKnownFileType = folder.assetcatalog; path = Assets.xcassets; sourceTree = "<group>"; };
		9F5680AE1EDCF48200E1F2B4 /* Base */ = {isa = PBXFileReference; lastKnownFileType = file.storyboard; name = Base; path = Base.lproj/LaunchScreen.storyboard; sourceTree = "<group>"; };
		9F5680B01EDCF48200E1F2B4 /* Info.plist */ = {isa = PBXFileReference; lastKnownFileType = text.plist.xml; path = Info.plist; sourceTree = "<group>"; };
/* End PBXFileReference section */

/* Begin PBXFrameworksBuildPhase section */
		9F56809B1EDCF48200E1F2B4 /* Frameworks */ = {
			isa = PBXFrameworksBuildPhase;
			buildActionMask = 2147483647;
			files = (
			);
			runOnlyForDeploymentPostprocessing = 0;
		};
/* End PBXFrameworksBuildPhase section */

/* Begin PBXGroup section */
		9F5680951EDCF48200E1F2B4 = {
			isa = PBXGroup;
			children = (
				9F5680A01EDCF48200E1F2B4 /* IroIro */,
				9F56809F1EDCF48200E1F2B4 /* Products */,
			);
			sourceTree = "<group>";
		};
		9F56809F1EDCF48200E1F2B4 /* Products */ = {
			isa = PBXGroup;
			children = (
				9F56809E1EDCF48200E1F2B4 /* IroIro.app */,
			);
			name = Products;
			sourceTree = "<group>";
		};
		9F5680A01EDCF48200E1F2B4 /* IroIro */ = {
			isa = PBXGroup;
			children = (
				9F5680A11EDCF48200E1F2B4 /* AppDelegate.swift */,
				9F5680A31EDCF48200E1F2B4 /* ViewController.swift */,
				9F5680A51EDCF48200E1F2B4 /* Main.storyboard */,
				9F5680AB1EDCF48200E1F2B4 /* Assets.xcassets */,
				9F5680AD1EDCF48200E1F2B4 /* LaunchScreen.storyboard */,
				9F5680B01EDCF48200E1F2B4 /* Info.plist */,
				9F5680A81EDCF48200E1F2B4 /* IroIro.xcdatamodeld */,
			);
			path = IroIro;
			sourceTree = "<group>";
		};
/* End PBXGroup section */

/* Begin PBXNativeTarget section */
		9F56809D1EDCF48200E1F2B4 /* IroIro */ = {
			isa = PBXNativeTarget;
			buildConfigurationList = 9F5680B31EDCF48200E1F2B4 /* Build configuration list for PBXNativeTarget "IroIro" */;
			buildPhases = (
				9F56809A1EDCF48200E1F2B4 /* Sources */,
				9F56809B1EDCF48200E1F2B4 /* Frameworks */,
				9F56809C1EDCF48200E1F2B4 /* Resources */,
			);
			buildRules = (
			);
			dependencies = (
			);
			name = IroIro;
			productName = IroIro;
			productReference = 9F56809E1EDCF48200E1F2B4 /* IroIro.app */;
			productType = "com.apple.product-type.application";
		};
/* End PBXNativeTarget section */

/* Begin PBXProject section */
		9F5680961EDCF48200E1F2B4 /* Project object */ = {
			isa = PBXProject;
			attributes = {
				LastSwiftUpdateCheck = 0830;
				LastUpgradeCheck = 0830;
				ORGANIZATIONNAME = DeAnza;
				TargetAttributes = {
					9F56809D1EDCF48200E1F2B4 = {
						CreatedOnToolsVersion = 8.3.1;
						DevelopmentTeam = 3SN4LF8Q94;
						ProvisioningStyle = Automatic;
					};
				};
			};
			buildConfigurationList = 9F5680991EDCF48200E1F2B4 /* Build configuration list for PBXProject "IroIro" */;
			compatibilityVersion = "Xcode 3.2";
			developmentRegion = English;
			hasScannedForEncodings = 0;
			knownRegions = (
				en,
				Base,
			);
			mainGroup = 9F5680951EDCF48200E1F2B4;
			productRefGroup = 9F56809F1EDCF48200E1F2B4 /* Products */;
			projectDirPath = "";
			projectRoot = "";
			targets = (
				9F56809D1EDCF48200E1F2B4 /* IroIro */,
			);
		};
/* End PBXProject section */

/* Begin PBXResourcesBuildPhase section */
		9F56809C1EDCF48200E1F2B4 /* Resources */ = {
			isa = PBXResourcesBuildPhase;
			buildActionMask = 2147483647;
			files = (
				9F5680AF1EDCF48200E1F2B4 /* LaunchScreen.storyboard in Resources */,
				9F5680AC1EDCF48200E1F2B4 /* Assets.xcassets in Resources */,
				9F5680A71EDCF48200E1F2B4 /* Main.storyboard in Resources */,
			);
			runOnlyForDeploymentPostprocessing = 0;
		};
/* End PBXResourcesBuildPhase section */

/* Begin PBXSourcesBuildPhase section */
		9F56809A1EDCF48200E1F2B4 /* Sources */ = {
			isa = PBXSourcesBuildPhase;
			buildActionMask = 2147483647;
			files = (
				9F5680A41EDCF48200E1F2B4 /* ViewController.swift in Sources */,
				9F5680A21EDCF48200E1F2B4 /* AppDelegate.swift in Sources */,
				9F5680AA1EDCF48200E1F2B4 /* IroIro.xcdatamodeld in Sources */,
			);
			runOnlyForDeploymentPostprocessing = 0;
		};
/* End PBXSourcesBuildPhase section */

/* Begin PBXVariantGroup section */
		9F5680A51EDCF48200E1F2B4 /* Main.storyboard */ = {
			isa = PBXVariantGroup;
			children = (
				9F5680A61EDCF48200E1F2B4 /* Base */,
			);
			name = Main.storyboard;
			sourceTree = "<group>";
		};
		9F5680AD1EDCF48200E1F2B4 /* LaunchScreen.storyboard */ = {
			isa = PBXVariantGroup;
			children = (
				9F5680AE1EDCF48200E1F2B4 /* Base */,
			);
			name = LaunchScreen.storyboard;
			sourceTree = "<group>";
		};
/* End PBXVariantGroup section */

/* Begin XCBuildConfiguration section */
		9F5680B11EDCF48200E1F2B4 /* Debug */ = {
			isa = XCBuildConfiguration;
			buildSettings = {
				ALWAYS_SEARCH_USER_PATHS = NO;
				CLANG_ANALYZER_NONNULL = YES;
				CLANG_ANALYZER_NUMBER_OBJECT_CONVERSION = YES_AGGRESSIVE;
				CLANG_CXX_LANGUAGE_STANDARD = "gnu++0x";
				CLANG_CXX_LIBRARY = "libc++";
				CLANG_ENABLE_MODULES = YES;
				CLANG_ENABLE_OBJC_ARC = YES;
				CLANG_WARN_BOOL_CONVERSION = YES;
				CLANG_WARN_CONSTANT_CONVERSION = YES;
				CLANG_WARN_DIRECT_OBJC_ISA_USAGE = YES_ERROR;
				CLANG_WARN_DOCUMENTATION_COMMENTS = YES;
				CLANG_WARN_EMPTY_BODY = YES;
				CLANG_WARN_ENUM_CONVERSION = YES;
				CLANG_WARN_INFINITE_RECURSION = YES;
				CLANG_WARN_INT_CONVERSION = YES;
				CLANG_WARN_OBJC_ROOT_CLASS = YES_ERROR;
				CLANG_WARN_SUSPICIOUS_MOVE = YES;
				CLANG_WARN_UNREACHABLE_CODE = YES;
				CLANG_WARN__DUPLICATE_METHOD_MATCH = YES;
				"CODE_SIGN_IDENTITY[sdk=iphoneos*]" = "iPhone Developer";
				COPY_PHASE_STRIP = NO;
				DEBUG_INFORMATION_FORMAT = dwarf;
				ENABLE_STRICT_OBJC_MSGSEND = YES;
				ENABLE_TESTABILITY = YES;
				GCC_C_LANGUAGE_STANDARD = gnu99;
				GCC_DYNAMIC_NO_PIC = NO;
				GCC_NO_COMMON_BLOCKS = YES;
				GCC_OPTIMIZATION_LEVEL = 0;
				GCC_PREPROCESSOR_DEFINITIONS = (
					"DEBUG=1",
					"$(inherited)",
				);
				GCC_WARN_64_TO_32_BIT_CONVERSION = YES;
				GCC_WARN_ABOUT_RETURN_TYPE = YES_ERROR;
				GCC_WARN_UNDECLARED_SELECTOR = YES;
				GCC_WARN_UNINITIALIZED_AUTOS = YES_AGGRESSIVE;
				GCC_WARN_UNUSED_FUNCTION = YES;
				GCC_WARN_UNUSED_VARIABLE = YES;
				IPHONEOS_DEPLOYMENT_TARGET = 10.3;
				MTL_ENABLE_DEBUG_INFO = YES;
				ONLY_ACTIVE_ARCH = YES;
				SDKROOT = iphoneos;
				SWIFT_ACTIVE_COMPILATION_CONDITIONS = DEBUG;
				SWIFT_OPTIMIZATION_LEVEL = "-Onone";
				TARGETED_DEVICE_FAMILY = "1,2";
			};
			name = Debug;
		};
		9F5680B21EDCF48200E1F2B4 /* Release */ = {
			isa = XCBuildConfiguration;
			buildSettings = {
				ALWAYS_SEARCH_USER_PATHS = NO;
				CLANG_ANALYZER_NONNULL = YES;
				CLANG_ANALYZER_NUMBER_OBJECT_CONVERSION = YES_AGGRESSIVE;
				CLANG_CXX_LANGUAGE_STANDARD = "gnu++0x";
				CLANG_CXX_LIBRARY = "libc++";
				CLANG_ENABLE_MODULES = YES;
				CLANG_ENABLE_OBJC_ARC = YES;
				CLANG_WARN_BOOL_CONVERSION = YES;
				CLANG_WARN_CONSTANT_CONVERSION = YES;
				CLANG_WARN_DIRECT_OBJC_ISA_USAGE = YES_ERROR;
				CLANG_WARN_DOCUMENTATION_COMMENTS = YES;
				CLANG_WARN_EMPTY_BODY = YES;
				CLANG_WARN_ENUM_CONVERSION = YES;
				CLANG_WARN_INFINITE_RECURSION = YES;
				CLANG_WARN_INT_CONVERSION = YES;
				CLANG_WARN_OBJC_ROOT_CLASS = YES_ERROR;
				CLANG_WARN_SUSPICIOUS_MOVE = YES;
				CLANG_WARN_UNREACHABLE_CODE = YES;
				CLANG_WARN__DUPLICATE_METHOD_MATCH = YES;
				"CODE_SIGN_IDENTITY[sdk=iphoneos*]" = "iPhone Developer";
				COPY_PHASE_STRIP = NO;
				DEBUG_INFORMATION_FORMAT = "dwarf-with-dsym";
				ENABLE_NS_ASSERTIONS = NO;
				ENABLE_STRICT_OBJC_MSGSEND = YES;
				GCC_C_LANGUAGE_STANDARD = gnu99;
				GCC_NO_COMMON_BLOCKS = YES;
				GCC_WARN_64_TO_32_BIT_CONVERSION = YES;
				GCC_WARN_ABOUT_RETURN_TYPE = YES_ERROR;
				GCC_WARN_UNDECLARED_SELECTOR = YES;
				GCC_WARN_UNINITIALIZED_AUTOS = YES_AGGRESSIVE;
				GCC_WARN_UNUSED_FUNCTION = YES;
				GCC_WARN_UNUSED_VARIABLE = YES;
				IPHONEOS_DEPLOYMENT_TARGET = 10.3;
				MTL_ENABLE_DEBUG_INFO = NO;
				SDKROOT = iphoneos;
				SWIFT_OPTIMIZATION_LEVEL = "-Owholemodule";
				TARGETED_DEVICE_FAMILY = "1,2";
				VALIDATE_PRODUCT = YES;
			};
			name = Release;
		};
		9F5680B41EDCF48200E1F2B4 /* Debug */ = {
			isa = XCBuildConfiguration;
			buildSettings = {
				ASSETCATALOG_COMPILER_APPICON_NAME = AppIcon;
				DEVELOPMENT_TEAM = 3SN4LF8Q94;
				INFOPLIST_FILE = IroIro/Info.plist;
				IPHONEOS_DEPLOYMENT_TARGET = 10.1;
				LD_RUNPATH_SEARCH_PATHS = "$(inherited) @executable_path/Frameworks";
				PRODUCT_BUNDLE_IDENTIFIER = edu.deanza.iroiro.IroIro;
				PRODUCT_NAME = "$(TARGET_NAME)";
				SWIFT_VERSION = 3.0;
			};
			name = Debug;
		};
		9F5680B51EDCF48200E1F2B4 /* Release */ = {
			isa = XCBuildConfiguration;
			buildSettings = {
				ASSETCATALOG_COMPILER_APPICON_NAME = AppIcon;
				DEVELOPMENT_TEAM = 3SN4LF8Q94;
				INFOPLIST_FILE = IroIro/Info.plist;
				IPHONEOS_DEPLOYMENT_TARGET = 10.1;
				LD_RUNPATH_SEARCH_PATHS = "$(inherited) @executable_path/Frameworks";
				PRODUCT_BUNDLE_IDENTIFIER = edu.deanza.iroiro.IroIro;
				PRODUCT_NAME = "$(TARGET_NAME)";
				SWIFT_VERSION = 3.0;
			};
			name = Release;
		};
/* End XCBuildConfiguration section */

/* Begin XCConfigurationList section */
		9F5680991EDCF48200E1F2B4 /* Build configuration list for PBXProject "IroIro" */ = {
			isa = XCConfigurationList;
			buildConfigurations = (
				9F5680B11EDCF48200E1F2B4 /* Debug */,
				9F5680B21EDCF48200E1F2B4 /* Release */,
			);
			defaultConfigurationIsVisible = 0;
			defaultConfigurationName = Release;
		};
		9F5680B31EDCF48200E1F2B4 /* Build configuration list for PBXNativeTarget "IroIro" */ = {
			isa = XCConfigurationList;
			buildConfigurations = (
				9F5680B41EDCF48200E1F2B4 /* Debug */,
				9F5680B51EDCF48200E1F2B4 /* Release */,
			);
			defaultConfigurationIsVisible = 0;
			defaultConfigurationName = Release;
		};
/* End XCConfigurationList section */

/* Begin XCVersionGroup section */
		9F5680A81EDCF48200E1F2B4 /* IroIro.xcdatamodeld */ = {
			isa = XCVersionGroup;
			children = (
				9F5680A91EDCF48200E1F2B4 /* IroIro.xcdatamodel */,
			);
			currentVersion = 9F5680A91EDCF48200E1F2B4 /* IroIro.xcdatamodel */;
			path = IroIro.xcdatamodeld;
			sourceTree = "<group>";
			versionGroupType = wrapper.xcdatamodel;
		};
/* End XCVersionGroup section */
	};
	rootObject = 9F5680961EDCF48200E1F2B4 /* Project object */;
}
